
Microsoft Visual Studio Solution File, Format Version 12.00
# Visual Studio Version 17
VisualStudioVersion = 17.10.34928.147
MinimumVisualStudioVersion = 10.0.40219.1
Project("{FAE04EC0-301F-11D3-BF4B-00C04F79EFBC}") = "Aula_26_02_2025", "Aula_26_02_2025\Aula_26_02_2025.csproj", "{1DCA07F8-B000-4114-981D-54439D8622B6}"
EndProject
Global
	GlobalSection(SolutionConfigurationPlatforms) = preSolution
		Debug|Any CPU = Debug|Any CPU
		Release|Any CPU = Release|Any CPU
	EndGlobalSection
	GlobalSection(ProjectConfigurationPlatforms) = postSolution
		{1DCA07F8-B000-4114-981D-54439D8622B6}.Debug|Any CPU.ActiveCfg = Debug|Any CPU
		{1DCA07F8-B000-4114-981D-54439D8622B6}.Debug|Any CPU.Build.0 = Debug|Any CPU
		{1DCA07F8-B000-4114-981D-54439D8622B6}.Release|Any CPU.ActiveCfg = Release|Any CPU
		{1DCA07F8-B000-4114-981D-54439D8622B6}.Release|Any CPU.Build.0 = Release|Any CPU
	EndGlobalSection
	GlobalSection(SolutionProperties) = preSolution
		HideSolutionNode = FALSE
	EndGlobalSection
	GlobalSection(ExtensibilityGlobals) = postSolution
		SolutionGuid = {4830394E-CD55-4272-9307-8B5C28F556C6}
	EndGlobalSection
EndGlobal
