
Microsoft Visual Studio Solution File, Format Version 12.00
# Visual Studio Version 17
VisualStudioVersion = 17.13.35806.99 d17.13
MinimumVisualStudioVersion = 10.0.40219.1
Project("{FAE04EC0-301F-11D3-BF4B-00C04F79EFBC}") = "Aula6_27_03", "Aula6_27_03\Aula6_27_03.csproj", "{C178F644-0236-445A-8AB1-1B5ED0A2E819}"
EndProject
Global
	GlobalSection(SolutionConfigurationPlatforms) = preSolution
		Debug|Any CPU = Debug|Any CPU
		Release|Any CPU = Release|Any CPU
	EndGlobalSection
	GlobalSection(ProjectConfigurationPlatforms) = postSolution
		{C178F644-0236-445A-8AB1-1B5ED0A2E819}.Debug|Any CPU.ActiveCfg = Debug|Any CPU
		{C178F644-0236-445A-8AB1-1B5ED0A2E819}.Debug|Any CPU.Build.0 = Debug|Any CPU
		{C178F644-0236-445A-8AB1-1B5ED0A2E819}.Release|Any CPU.ActiveCfg = Release|Any CPU
		{C178F644-0236-445A-8AB1-1B5ED0A2E819}.Release|Any CPU.Build.0 = Release|Any CPU
	EndGlobalSection
	GlobalSection(SolutionProperties) = preSolution
		HideSolutionNode = FALSE
	EndGlobalSection
	GlobalSection(ExtensibilityGlobals) = postSolution
		SolutionGuid = {B211DB8D-9321-4C8F-B030-84E648193378}
	EndGlobalSection
EndGlobal
